{
  "name": "msfssdk",
  "version": "0.1.0",
  "lockfileVersion": 2,
  "requires": true,
  "packages": {
    "": {
      "name": "msfssdk",
      "version": "0.1.0",
      "license": "MIT",
      "devDependencies": {
        "@types/geodesy": "^2.2.2",
        "@types/node": "^17.0.8",
        "msfstypes": "file:../msfstypes",
        "typescript": "~4.4.4"
      }
    },
    "../msfstypes": {
      "version": "1.14.6",
      "dev": true,
      "license": "ISC"
    },
    "node_modules/@types/geodesy": {
      "version": "2.2.2",
      "resolved": "https://registry.npmjs.org/@types/geodesy/-/geodesy-2.2.2.tgz",
      "integrity": "sha512-Wl48yJWuLC/bNedrFpd7ePVaM6DkE5ss7GT41vWCWZlFOpRU8ahlLjBdS4UXFiRg6bxBxTQ4ppV7Y2C1CLuWFQ==",
      "dev": true
    },
    "node_modules/@types/node": {
      "version": "17.0.8",
      "resolved": "https://registry.npmjs.org/@types/node/-/node-17.0.8.tgz",
      "integrity": "sha512-YofkM6fGv4gDJq78g4j0mMuGMkZVxZDgtU0JRdx6FgiJDG+0fY0GKVolOV8WqVmEhLCXkQRjwDdKyPxJp/uucg==",
      "dev": true
    },
    "node_modules/msfstypes": {
      "resolved": "../msfstypes",
      "link": true
    },
    "node_modules/typescript": {
      "version": "4.4.4",
      "resolved": "https://registry.npmjs.org/typescript/-/typescript-4.4.4.tgz",
      "integrity": "sha512-DqGhF5IKoBl8WNf8C1gu8q0xZSInh9j1kJJMqT3a94w1JzVaBU4EXOSMrz9yDqMT0xt3selp83fuFMQ0uzv6qA==",
      "dev": true,
      "license": "Apache-2.0",
      "bin": {
        "tsc": "bin/tsc",
        "tsserver": "bin/tsserver"
      },
      "engines": {
        "node": ">=4.2.0"
      }
    }
  },
  "dependencies": {
    "@types/geodesy": {
      "version": "2.2.2",
      "resolved": "https://registry.npmjs.org/@types/geodesy/-/geodesy-2.2.2.tgz",
      "integrity": "sha512-Wl48yJWuLC/bNedrFpd7ePVaM6DkE5ss7GT41vWCWZlFOpRU8ahlLjBdS4UXFiRg6bxBxTQ4ppV7Y2C1CLuWFQ==",
      "dev": true
    },
    "@types/node": {
      "version": "17.0.8",
      "resolved": "https://registry.npmjs.org/@types/node/-/node-17.0.8.tgz",
      "integrity": "sha512-YofkM6fGv4gDJq78g4j0mMuGMkZVxZDgtU0JRdx6FgiJDG+0fY0GKVolOV8WqVmEhLCXkQRjwDdKyPxJp/uucg==",
      "dev": true
    },
    "msfstypes": {
      "version": "file:../msfstypes"
    },
    "typescript": {
      "version": "4.4.4",
      "resolved": "https://registry.npmjs.org/typescript/-/typescript-4.4.4.tgz",
      "integrity": "sha512-DqGhF5IKoBl8WNf8C1gu8q0xZSInh9j1kJJMqT3a94w1JzVaBU4EXOSMrz9yDqMT0xt3selp83fuFMQ0uzv6qA==",
      "dev": true
    }
  }
}
