
Microsoft Visual Studio Solution File, Format Version 12.00
# Visual Studio Version 16
VisualStudioVersion = 16.0.30517.126
MinimumVisualStudioVersion = 10.0.40219.1
Project("{8BC9CEB8-8B4A-11D0-8D11-00A0C91BC942}") = "WASM_Gauge_Demo1", "WASM_Gauge_Demo1.vcxproj", "{153BD52E-A924-41E4-8975-60EA45DBC0CF}"
EndProject
Global
	GlobalSection(SolutionConfigurationPlatforms) = preSolution
		Debug|MSFS = Debug|MSFS
		Release|MSFS = Release|MSFS
	EndGlobalSection
	GlobalSection(ProjectConfigurationPlatforms) = postSolution
		{153BD52E-A924-41E4-8975-60EA45DBC0CF}.Debug|MSFS.ActiveCfg = Debug|MSFS
		{153BD52E-A924-41E4-8975-60EA45DBC0CF}.Debug|MSFS.Build.0 = Debug|MSFS
		{153BD52E-A924-41E4-8975-60EA45DBC0CF}.Release|MSFS.ActiveCfg = Release|MSFS
		{153BD52E-A924-41E4-8975-60EA45DBC0CF}.Release|MSFS.Build.0 = Release|MSFS
	EndGlobalSection
	GlobalSection(SolutionProperties) = preSolution
		HideSolutionNode = FALSE
	EndGlobalSection
	GlobalSection(ExtensibilityGlobals) = postSolution
		SolutionGuid = {856648B6-F5F1-4AA2-A082-3A0E667C4307}
	EndGlobalSection
EndGlobal
