
Microsoft Visual Studio Solution File, Format Version 12.00
# Visual Studio Version 16
VisualStudioVersion = 16.0.30517.126
MinimumVisualStudioVersion = 10.0.40219.1
Project("{8BC9CEB8-8B4A-11D0-8D11-00A0C91BC942}") = "WASMExamples", "WASMExamples.vcxproj", "{AE311BB7-1143-44AE-8455-5CB206ED21FF}"
EndProject
Global
	GlobalSection(SolutionConfigurationPlatforms) = preSolution
		Debug|MSFS = Debug|MSFS
		Release|MSFS = Release|MSFS
	EndGlobalSection
	GlobalSection(ProjectConfigurationPlatforms) = postSolution
		{AE311BB7-1143-44AE-8455-5CB206ED21FF}.Debug|MSFS.ActiveCfg = Debug|MSFS
		{AE311BB7-1143-44AE-8455-5CB206ED21FF}.Debug|MSFS.Build.0 = Debug|MSFS
		{AE311BB7-1143-44AE-8455-5CB206ED21FF}.Release|MSFS.ActiveCfg = Release|MSFS
		{AE311BB7-1143-44AE-8455-5CB206ED21FF}.Release|MSFS.Build.0 = Release|MSFS
	EndGlobalSection
	GlobalSection(SolutionProperties) = preSolution
		HideSolutionNode = FALSE
	EndGlobalSection
	GlobalSection(ExtensibilityGlobals) = postSolution
		SolutionGuid = {445F9AE0-F6B4-40EA-B047-E881D76379F5}
	EndGlobalSection
EndGlobal
