{
  "name": "garminsdk",
  "version": "1.0.0",
  "lockfileVersion": 2,
  "requires": true,
  "packages": {
    "": {
      "name": "garminsdk",
      "version": "1.0.0",
      "license": "ISC",
      "devDependencies": {
        "garminsdk": "file:build",
        "msfssdk": "file:../sdk/build",
        "msfstypes": "file:../msfstypes",
        "typescript": "~4.5.5"
      }
    },
    "../msfstypes": {
      "version": "1.14.6",
      "dev": true,
      "license": "ISC"
    },
    "../sdk": {
      "name": "msfssdk",
      "version": "0.1.0",
      "dev": true,
      "license": "MIT",
      "devDependencies": {
        "@types/geodesy": "^2.2.2",
        "msfstypes": "file:../msfstypes",
        "typescript": "~4.5.5"
      }
    },
    "../sdk/build": {
      "name": "msfssdk",
      "version": "0.2.0",
      "dev": true,
      "license": "MIT",
      "devDependencies": {
        "@types/geodesy": "^2.2.2",
        "@types/node": "^17.0.21",
        "copyfiles": "^2.4.1",
        "msfstypes": "file:../msfstypes",
        "typescript": "~4.5.5"
      }
    },
    "build": {
      "name": "garminsdk",
      "version": "1.0.0",
      "dev": true,
      "license": "ISC",
      "devDependencies": {
        "garminsdk": "file:build",
        "msfssdk": "file:../sdk/build",
        "msfstypes": "file:../msfstypes",
        "typescript": "~4.5.5"
      }
    },
    "build/build": {
      "dev": true
    },
    "build/node_modules/garminsdk": {
      "resolved": "build/build",
      "link": true
    },
    "build/node_modules/msfssdk": {
      "resolved": "sdk/build",
      "link": true
    },
    "build/node_modules/msfstypes": {
      "resolved": "msfstypes",
      "link": true
    },
    "msfstypes": {
      "resolved": "file:msfstypes",
      "dev": true
    },
    "node_modules/garminsdk": {
      "resolved": "build",
      "link": true
    },
    "node_modules/msfssdk": {
      "resolved": "../sdk/build",
      "link": true
    },
    "node_modules/msfstypes": {
      "resolved": "../msfstypes",
      "link": true
    },
    "node_modules/typescript": {
      "version": "4.5.5",
      "resolved": "https://registry.npmjs.org/typescript/-/typescript-4.5.5.tgz",
      "integrity": "sha512-TCTIul70LyWe6IJWT8QSYeA54WQe8EjQFU4wY52Fasj5UKx88LNYKCgBEHcOMOrFF1rKGbD8v/xcNWVUq9SymA==",
      "dev": true,
      "bin": {
        "tsc": "bin/tsc",
        "tsserver": "bin/tsserver"
      },
      "engines": {
        "node": ">=4.2.0"
      }
    },
    "sdk/build": {
      "dev": true
    }
  },
  "dependencies": {
    "garminsdk": {
      "version": "file:build",
      "requires": {
        "garminsdk": "file:build",
        "msfssdk": "file:../sdk/build",
        "msfstypes": "file:../msfstypes",
        "typescript": "~4.5.5"
      },
      "dependencies": {
        "garminsdk": {
          "version": "file:build/build"
        },
        "msfssdk": {
          "version": "file:sdk/build"
        },
        "msfstypes": {
          "version": "file:msfstypes"
        }
      }
    },
    "msfssdk": {
      "version": "file:../sdk/build",
      "requires": {
        "@types/geodesy": "^2.2.2",
        "@types/node": "^17.0.21",
        "copyfiles": "^2.4.1",
        "msfstypes": "file:../msfstypes",
        "typescript": "~4.5.5"
      }
    },
    "msfstypes": {
      "version": "file:../msfstypes"
    },
    "typescript": {
      "version": "4.5.5",
      "resolved": "https://registry.npmjs.org/typescript/-/typescript-4.5.5.tgz",
      "integrity": "sha512-TCTIul70LyWe6IJWT8QSYeA54WQe8EjQFU4wY52Fasj5UKx88LNYKCgBEHcOMOrFF1rKGbD8v/xcNWVUq9SymA==",
      "dev": true
    }
  }
}
